{
  "nodes": {
    "nixpkgs": {
      "locked": {
        "lastModified": 1788013230,
        "narHash": "sha256-ywI2KYESQkglapl8VQMQGru2azgvd+WE688gxfT1g7Q=",
        "owner": "NixOS",
        "repo": "nixpkgs",
        "rev": "8272fb3005b6d60897f4743f6e7d5a1e45f510cf",
        "type": "github"
      },
      "original": {
        "owner": "NixOS",
        "repo": "nixpkgs",
        "rev": "8272fb3005b6d60897f4743f6e7d5a1e45f510cf",
        "type": "github"
      }
    },
    "root": {
      "inputs": {
        "nixpkgs": "nixpkgs"
      }
    }
  },
  "root": "root",
  "version": 7
}
